{
    "_meta": {
        "hash": {
            "sha256": "4301a11cdad05f89344a897b3d77a135b17bae32910def40c61e7d8088611e7f"
        },
        "pipfile-spec": 6,
        "requires": {
            "python_version": "3.10"
        },
        "sources": [
            {
                "name": "pypi",
                "url": "https://pypi.org/simple",
                "verify_ssl": true
            }
        ]
    },
    "default": {
        "pyglet": {
            "hashes": [
                "sha256:04fc73db0deff693dd70a71e166643c5f1251deed62262eaa1dbb7b0ac26e233",
                "sha256:b15073474f93c7ce30f71e4af824d3c847db099f2111ef16be0b631d2a222bd3"
            ],
            "index": "pypi",
            "version": "==2.0.3"
        }
    },
    "develop": {}
}
