{
    "_meta": {
        "hash": {
            "sha256": "4301a11cdad05f89344a897b3d77a135b17bae32910def40c61e7d8088611e7f"
        },
        "pipfile-spec": 6,
        "requires": {
            "python_version": "3.10"
        },
        "sources": [
            {
                "name": "pypi",
                "url": "https://pypi.org/simple",
                "verify_ssl": true
            }
        ]
    },
    "default": {
        "pyglet": {
            "hashes": [
                "sha256:28d78881bed68abc04a00d5f29cfb9e38fe66b93f5b208a6425c4060632033bf",
                "sha256:5a89c68dda280f761bdeb0216b9dfa027fb2e27519a0ea3c16f6558b204f1e5f"
            ],
            "index": "pypi",
            "version": "==2.0.2.1"
        }
    },
    "develop": {}
}
